<?xml version="1.0" encoding="utf-8"?>
<Project ToolsVersion="4.0" xmlns="http://schemas.microsoft.com/developer/msbuild/2003">
  <ItemGroup>
    <Filter Include="Source Files">
      <UniqueIdentifier>{55348dec-6852-4efd-a6fc-ecd24ae01b67}</UniqueIdentifier>
      <Extensions>cpp;c;cxx;def;odl;idl;hpj;bat;asm</Extensions>
    </Filter>
    <Filter Include="Header Files">
      <UniqueIdentifier>{329d10d6-1e2f-487f-af08-2a3475ebb070}</UniqueIdentifier>
      <Extensions>h;hpp;hxx;hm;inl;inc</Extensions>
    </Filter>
    <Filter Include="Resource Files">
      <UniqueIdentifier>{076c6ee4-eb10-4ef2-aad8-72af4a70ac56}</UniqueIdentifier>
      <Extensions>rc;ico;cur;bmp;dlg;rc2;rct;bin;rgs;gif;jpg;jpeg;jpe</Extensions>
    </Filter>
  </ItemGroup>
  <ItemGroup>
    <ClCompile Include="..\src\Terrain.cpp">
      <Filter>Source Files</Filter>
    </ClCompile>
  </ItemGroup>
  <ItemGroup>
    <ClInclude Include="..\include\BehaveRTOgreIntegration.h">
      <Filter>Header Files</Filter>
    </ClInclude>
    <ClInclude Include="..\include\ExampleApplication.h">
      <Filter>Header Files</Filter>
    </ClInclude>
    <ClInclude Include="..\include\ExampleFrameListener.h">
      <Filter>Header Files</Filter>
    </ClInclude>
    <ClInclude Include="..\include\Terrain.h">
      <Filter>Header Files</Filter>
    </ClInclude>
  </ItemGroup>
</Project>